{
    "_readme": [
        "This file locks the dependencies of your project to a known state",
        "Read more about it at https://getcomposer.org/doc/01-basic-usage.md#composer-lock-the-lock-file",
        "This file is @generated automatically"
    ],
    "hash": "3c13d7b3bb258364ffc1e17023a3e5ec",
    "content-hash": "132cca623b94b01a0b448688b4301b9b",
    "packages": [
        {
            "name": "phireframework/header",
            "version": "0.0.2",
            "source": {
                "type": "git",
                "url": "https://github.com/phireframework/Header.git",
                "reference": "cf4ce3ec58d1ad8e91087d120e44f2248380fb58"
            },
            "dist": {
                "type": "zip",
                "url": "https://api.github.com/repos/phireframework/Header/zipball/cf4ce3ec58d1ad8e91087d120e44f2248380fb58",
                "reference": "cf4ce3ec58d1ad8e91087d120e44f2248380fb58",
                "shasum": ""
            },
            "type": "library",
            "autoload": {
                "psr-4": {
                    "Phire\\Http\\Headers\\": "src/"
                }
            },
            "notification-url": "https://packagist.org/downloads/",
            "license": [
                "GPL"
            ],
            "authors": [
                {
                    "name": "Myke Howells",
                    "email": "myke@mykeand.co",
                    "homepage": "http://mykehowells.com",
                    "role": "Developer"
                }
            ],
            "description": "PHP HTTP header library",
            "homepage": "https://github.com/phireframework/header",
            "keywords": [
                "header",
                "http",
                "php"
            ],
            "time": "2016-07-07 14:08:07"
        },
        {
            "name": "phireframework/router",
            "version": "0.0.2",
            "source": {
                "type": "git",
                "url": "https://github.com/phireframework/Router.git",
                "reference": "d776c7fa4104c859482e2e5fcb20ae43fdc8e661"
            },
            "dist": {
                "type": "zip",
                "url": "https://api.github.com/repos/phireframework/Router/zipball/d776c7fa4104c859482e2e5fcb20ae43fdc8e661",
                "reference": "d776c7fa4104c859482e2e5fcb20ae43fdc8e661",
                "shasum": ""
            },
            "type": "library",
            "autoload": {
                "psr-4": {
                    "Phire\\Http\\": "src/"
                },
                "files": [
                    "src/Helpers/include.php"
                ]
            },
            "notification-url": "https://packagist.org/downloads/",
            "license": [
                "GPL"
            ],
            "authors": [
                {
                    "name": "Myke Howells",
                    "email": "myke@mykeand.co",
                    "homepage": "http://mykehowells.com",
                    "role": "Developer"
                }
            ],
            "description": "PHP HTTP router",
            "homepage": "https://github.com/phireframework/router",
            "keywords": [
                "http",
                "php",
                "router"
            ],
            "time": "2016-07-07 15:04:38"
        },
        {
            "name": "phireframework/support",
            "version": "0.0.6",
            "source": {
                "type": "git",
                "url": "https://github.com/phireframework/Support.git",
                "reference": "ce7cc112fcf020ca11eb7026db17a462d28fce10"
            },
            "dist": {
                "type": "zip",
                "url": "https://api.github.com/repos/phireframework/Support/zipball/ce7cc112fcf020ca11eb7026db17a462d28fce10",
                "reference": "ce7cc112fcf020ca11eb7026db17a462d28fce10",
                "shasum": ""
            },
            "type": "library",
            "autoload": {
                "psr-4": {
                    "Phire\\Support\\": ""
                },
                "files": [
                    "Factory/helpers.php"
                ]
            },
            "notification-url": "https://packagist.org/downloads/",
            "license": [
                "GPL"
            ],
            "authors": [
                {
                    "name": "Myke Howells",
                    "email": "myke@mykeand.co",
                    "homepage": "http://mykehowells.com",
                    "role": "Developer"
                }
            ],
            "description": "PHP HTTP router",
            "homepage": "https://github.com/phireframework/support",
            "keywords": [
                "http",
                "php",
                "support"
            ],
            "time": "2016-07-08 15:37:35"
        }
    ],
    "packages-dev": [],
    "aliases": [],
    "minimum-stability": "stable",
    "stability-flags": [],
    "prefer-stable": false,
    "prefer-lowest": false,
    "platform": [],
    "platform-dev": []
}
